
Microsoft Visual Studio Solution File, Format Version 12.00
# Visual Studio 14
VisualStudioVersion = 14.0.24720.0
MinimumVisualStudioVersion = 10.0.40219.1
Project("{FAE04EC0-301F-11D3-BF4B-00C04F79EFBC}") = "E-Handelssite", "E-Handelssite\E-Handelssite.csproj", "{A1D17B39-7D89-4414-B4BB-4727F5CD8107}"
EndProject
Global
	GlobalSection(SolutionConfigurationPlatforms) = preSolution
		Debug|Any CPU = Debug|Any CPU
		Release|Any CPU = Release|Any CPU
	EndGlobalSection
	GlobalSection(ProjectConfigurationPlatforms) = postSolution
		{A1D17B39-7D89-4414-B4BB-4727F5CD8107}.Debug|Any CPU.ActiveCfg = Debug|Any CPU
		{A1D17B39-7D89-4414-B4BB-4727F5CD8107}.Debug|Any CPU.Build.0 = Debug|Any CPU
		{A1D17B39-7D89-4414-B4BB-4727F5CD8107}.Release|Any CPU.ActiveCfg = Release|Any CPU
		{A1D17B39-7D89-4414-B4BB-4727F5CD8107}.Release|Any CPU.Build.0 = Release|Any CPU
	EndGlobalSection
	GlobalSection(SolutionProperties) = preSolution
		HideSolutionNode = FALSE
	EndGlobalSection
EndGlobal
